// !$*UTF8*$!
{
	archiveVersion = 1;
	classes = {
	};
	objectVersion = 50;
	objects = {

/* Begin PBXBuildFile section */
		160E956022DA0FFB00602F02 /* AppDelegate.swift in Sources */ = {isa = PBXBuildFile; fileRef = 160E955F22DA0FFB00602F02 /* AppDelegate.swift */; };
		160E956222DA0FFB00602F02 /* TodoListViewController.swift in Sources */ = {isa = PBXBuildFile; fileRef = 160E956122DA0FFB00602F02 /* TodoListViewController.swift */; };
		160E956522DA0FFB00602F02 /* Main.storyboard in Resources */ = {isa = PBXBuildFile; fileRef = 160E956322DA0FFB00602F02 /* Main.storyboard */; };
		160E956722DA0FFB00602F02 /* Assets.xcassets in Resources */ = {isa = PBXBuildFile; fileRef = 160E956622DA0FFB00602F02 /* Assets.xcassets */; };
		160E956A22DA0FFB00602F02 /* LaunchScreen.storyboard in Resources */ = {isa = PBXBuildFile; fileRef = 160E956822DA0FFB00602F02 /* LaunchScreen.storyboard */; };
		161AE51A22E1F9E000943A9D /* Item.swift in Sources */ = {isa = PBXBuildFile; fileRef = 161AE51922E1F9E000943A9D /* Item.swift */; };
		161AE51C22E1F9EF00943A9D /* Category.swift in Sources */ = {isa = PBXBuildFile; fileRef = 161AE51B22E1F9EF00943A9D /* Category.swift */; };
		1689C6C722DF9293002EE8D8 /* CategoryViewController.swift in Sources */ = {isa = PBXBuildFile; fileRef = 1689C6C622DF9293002EE8D8 /* CategoryViewController.swift */; };
		5C6EB64ED3AE9316853B175D /* Pods_Todoey.framework in Frameworks */ = {isa = PBXBuildFile; fileRef = 49E1F5B913AC3D9F4F69565E /* Pods_Todoey.framework */; };
/* End PBXBuildFile section */

/* Begin PBXFileReference section */
		160E955C22DA0FFB00602F02 /* Todoey.app */ = {isa = PBXFileReference; explicitFileType = wrapper.application; includeInIndex = 0; path = Todoey.app; sourceTree = BUILT_PRODUCTS_DIR; };
		160E955F22DA0FFB00602F02 /* AppDelegate.swift */ = {isa = PBXFileReference; lastKnownFileType = sourcecode.swift; path = AppDelegate.swift; sourceTree = "<group>"; };
		160E956122DA0FFB00602F02 /* TodoListViewController.swift */ = {isa = PBXFileReference; lastKnownFileType = sourcecode.swift; path = TodoListViewController.swift; sourceTree = "<group>"; };
		160E956422DA0FFB00602F02 /* Base */ = {isa = PBXFileReference; lastKnownFileType = file.storyboard; name = Base; path = Base.lproj/Main.storyboard; sourceTree = "<group>"; };
		160E956622DA0FFB00602F02 /* Assets.xcassets */ = {isa = PBXFileReference; lastKnownFileType = folder.assetcatalog; path = Assets.xcassets; sourceTree = "<group>"; };
		160E956922DA0FFB00602F02 /* Base */ = {isa = PBXFileReference; lastKnownFileType = file.storyboard; name = Base; path = Base.lproj/LaunchScreen.storyboard; sourceTree = "<group>"; };
		160E956B22DA0FFB00602F02 /* Info.plist */ = {isa = PBXFileReference; lastKnownFileType = text.plist.xml; path = Info.plist; sourceTree = "<group>"; };
		161AE51922E1F9E000943A9D /* Item.swift */ = {isa = PBXFileReference; lastKnownFileType = sourcecode.swift; path = Item.swift; sourceTree = "<group>"; };
		161AE51B22E1F9EF00943A9D /* Category.swift */ = {isa = PBXFileReference; lastKnownFileType = sourcecode.swift; path = Category.swift; sourceTree = "<group>"; };
		1689C6C622DF9293002EE8D8 /* CategoryViewController.swift */ = {isa = PBXFileReference; lastKnownFileType = sourcecode.swift; path = CategoryViewController.swift; sourceTree = "<group>"; };
		2313263AADC9588780F00E19 /* Pods-Todoey.debug.xcconfig */ = {isa = PBXFileReference; includeInIndex = 1; lastKnownFileType = text.xcconfig; name = "Pods-Todoey.debug.xcconfig"; path = "Pods/Target Support Files/Pods-Todoey/Pods-Todoey.debug.xcconfig"; sourceTree = "<group>"; };
		49E1F5B913AC3D9F4F69565E /* Pods_Todoey.framework */ = {isa = PBXFileReference; explicitFileType = wrapper.framework; includeInIndex = 0; path = Pods_Todoey.framework; sourceTree = BUILT_PRODUCTS_DIR; };
		837BCB39B4E86F6905A0DCA6 /* Pods-Todoey.release.xcconfig */ = {isa = PBXFileReference; includeInIndex = 1; lastKnownFileType = text.xcconfig; name = "Pods-Todoey.release.xcconfig"; path = "Pods/Target Support Files/Pods-Todoey/Pods-Todoey.release.xcconfig"; sourceTree = "<group>"; };
/* End PBXFileReference section */

/* Begin PBXFrameworksBuildPhase section */
		160E955922DA0FFA00602F02 /* Frameworks */ = {
			isa = PBXFrameworksBuildPhase;
			buildActionMask = 2147483647;
			files = (
				5C6EB64ED3AE9316853B175D /* Pods_Todoey.framework in Frameworks */,
			);
			runOnlyForDeploymentPostprocessing = 0;
		};
/* End PBXFrameworksBuildPhase section */

/* Begin PBXGroup section */
		160E955322DA0FFA00602F02 = {
			isa = PBXGroup;
			children = (
				160E955E22DA0FFB00602F02 /* Todoey */,
				160E955D22DA0FFB00602F02 /* Products */,
				3BC76C918D2CABAB842E1BD1 /* Pods */,
				328D5AF1DFA3B2671A1F0759 /* Frameworks */,
			);
			sourceTree = "<group>";
		};
		160E955D22DA0FFB00602F02 /* Products */ = {
			isa = PBXGroup;
			children = (
				160E955C22DA0FFB00602F02 /* Todoey.app */,
			);
			name = Products;
			sourceTree = "<group>";
		};
		160E955E22DA0FFB00602F02 /* Todoey */ = {
			isa = PBXGroup;
			children = (
				160E955F22DA0FFB00602F02 /* AppDelegate.swift */,
				1637751922DB3232003E0AE9 /* Data Model */,
				1637751A22DB3251003E0AE9 /* Controllers */,
				1637751B22DB327C003E0AE9 /* Views */,
				1637751C22DB329B003E0AE9 /* Supporting Files */,
				160E956B22DA0FFB00602F02 /* Info.plist */,
			);
			path = Todoey;
			sourceTree = "<group>";
		};
		1637751922DB3232003E0AE9 /* Data Model */ = {
			isa = PBXGroup;
			children = (
				161AE51922E1F9E000943A9D /* Item.swift */,
				161AE51B22E1F9EF00943A9D /* Category.swift */,
			);
			path = "Data Model";
			sourceTree = "<group>";
		};
		1637751A22DB3251003E0AE9 /* Controllers */ = {
			isa = PBXGroup;
			children = (
				1689C6C622DF9293002EE8D8 /* CategoryViewController.swift */,
				160E956122DA0FFB00602F02 /* TodoListViewController.swift */,
			);
			path = Controllers;
			sourceTree = "<group>";
		};
		1637751B22DB327C003E0AE9 /* Views */ = {
			isa = PBXGroup;
			children = (
				160E956322DA0FFB00602F02 /* Main.storyboard */,
			);
			path = Views;
			sourceTree = "<group>";
		};
		1637751C22DB329B003E0AE9 /* Supporting Files */ = {
			isa = PBXGroup;
			children = (
				160E956622DA0FFB00602F02 /* Assets.xcassets */,
				160E956822DA0FFB00602F02 /* LaunchScreen.storyboard */,
			);
			path = "Supporting Files";
			sourceTree = "<group>";
		};
		328D5AF1DFA3B2671A1F0759 /* Frameworks */ = {
			isa = PBXGroup;
			children = (
				49E1F5B913AC3D9F4F69565E /* Pods_Todoey.framework */,
			);
			name = Frameworks;
			sourceTree = "<group>";
		};
		3BC76C918D2CABAB842E1BD1 /* Pods */ = {
			isa = PBXGroup;
			children = (
				2313263AADC9588780F00E19 /* Pods-Todoey.debug.xcconfig */,
				837BCB39B4E86F6905A0DCA6 /* Pods-Todoey.release.xcconfig */,
			);
			name = Pods;
			sourceTree = "<group>";
		};
/* End PBXGroup section */

/* Begin PBXNativeTarget section */
		160E955B22DA0FFA00602F02 /* Todoey */ = {
			isa = PBXNativeTarget;
			buildConfigurationList = 160E956E22DA0FFB00602F02 /* Build configuration list for PBXNativeTarget "Todoey" */;
			buildPhases = (
				F5C6D3662FD40CCEB42D6005 /* [CP] Check Pods Manifest.lock */,
				160E955822DA0FFA00602F02 /* Sources */,
				160E955922DA0FFA00602F02 /* Frameworks */,
				160E955A22DA0FFA00602F02 /* Resources */,
				BEE0E7F467EB7D9E30946245 /* [CP] Embed Pods Frameworks */,
			);
			buildRules = (
			);
			dependencies = (
			);
			name = Todoey;
			productName = Todoey;
			productReference = 160E955C22DA0FFB00602F02 /* Todoey.app */;
			productType = "com.apple.product-type.application";
		};
/* End PBXNativeTarget section */

/* Begin PBXProject section */
		160E955422DA0FFA00602F02 /* Project object */ = {
			isa = PBXProject;
			attributes = {
				LastSwiftUpdateCheck = 1020;
				LastUpgradeCheck = 1020;
				ORGANIZATIONNAME = "Amerigo Mancino";
				TargetAttributes = {
					160E955B22DA0FFA00602F02 = {
						CreatedOnToolsVersion = 10.2.1;
					};
				};
			};
			buildConfigurationList = 160E955722DA0FFA00602F02 /* Build configuration list for PBXProject "Todoey" */;
			compatibilityVersion = "Xcode 9.3";
			developmentRegion = en;
			hasScannedForEncodings = 0;
			knownRegions = (
				en,
				Base,
			);
			mainGroup = 160E955322DA0FFA00602F02;
			productRefGroup = 160E955D22DA0FFB00602F02 /* Products */;
			projectDirPath = "";
			projectRoot = "";
			targets = (
				160E955B22DA0FFA00602F02 /* Todoey */,
			);
		};
/* End PBXProject section */

/* Begin PBXResourcesBuildPhase section */
		160E955A22DA0FFA00602F02 /* Resources */ = {
			isa = PBXResourcesBuildPhase;
			buildActionMask = 2147483647;
			files = (
				160E956A22DA0FFB00602F02 /* LaunchScreen.storyboard in Resources */,
				160E956722DA0FFB00602F02 /* Assets.xcassets in Resources */,
				160E956522DA0FFB00602F02 /* Main.storyboard in Resources */,
			);
			runOnlyForDeploymentPostprocessing = 0;
		};
/* End PBXResourcesBuildPhase section */

/* Begin PBXShellScriptBuildPhase section */
		BEE0E7F467EB7D9E30946245 /* [CP] Embed Pods Frameworks */ = {
			isa = PBXShellScriptBuildPhase;
			buildActionMask = 2147483647;
			files = (
			);
			inputFileListPaths = (
			);
			inputPaths = (
				"${SRCROOT}/Pods/Target Support Files/Pods-Todoey/Pods-Todoey-frameworks.sh",
				"${BUILT_PRODUCTS_DIR}/Realm/Realm.framework",
				"${BUILT_PRODUCTS_DIR}/RealmSwift/RealmSwift.framework",
			);
			name = "[CP] Embed Pods Frameworks";
			outputFileListPaths = (
			);
			outputPaths = (
				"${TARGET_BUILD_DIR}/${FRAMEWORKS_FOLDER_PATH}/Realm.framework",
				"${TARGET_BUILD_DIR}/${FRAMEWORKS_FOLDER_PATH}/RealmSwift.framework",
			);
			runOnlyForDeploymentPostprocessing = 0;
			shellPath = /bin/sh;
			shellScript = "\"${SRCROOT}/Pods/Target Support Files/Pods-Todoey/Pods-Todoey-frameworks.sh\"\n";
			showEnvVarsInLog = 0;
		};
		F5C6D3662FD40CCEB42D6005 /* [CP] Check Pods Manifest.lock */ = {
			isa = PBXShellScriptBuildPhase;
			buildActionMask = 2147483647;
			files = (
			);
			inputFileListPaths = (
			);
			inputPaths = (
				"${PODS_PODFILE_DIR_PATH}/Podfile.lock",
				"${PODS_ROOT}/Manifest.lock",
			);
			name = "[CP] Check Pods Manifest.lock";
			outputFileListPaths = (
			);
			outputPaths = (
				"$(DERIVED_FILE_DIR)/Pods-Todoey-checkManifestLockResult.txt",
			);
			runOnlyForDeploymentPostprocessing = 0;
			shellPath = /bin/sh;
			shellScript = "diff \"${PODS_PODFILE_DIR_PATH}/Podfile.lock\" \"${PODS_ROOT}/Manifest.lock\" > /dev/null\nif [ $? != 0 ] ; then\n    # print error to STDERR\n    echo \"error: The sandbox is not in sync with the Podfile.lock. Run 'pod install' or update your CocoaPods installation.\" >&2\n    exit 1\nfi\n# This output is used by Xcode 'outputs' to avoid re-running this script phase.\necho \"SUCCESS\" > \"${SCRIPT_OUTPUT_FILE_0}\"\n";
			showEnvVarsInLog = 0;
		};
/* End PBXShellScriptBuildPhase section */

/* Begin PBXSourcesBuildPhase section */
		160E955822DA0FFA00602F02 /* Sources */ = {
			isa = PBXSourcesBuildPhase;
			buildActionMask = 2147483647;
			files = (
				161AE51A22E1F9E000943A9D /* Item.swift in Sources */,
				1689C6C722DF9293002EE8D8 /* CategoryViewController.swift in Sources */,
				160E956222DA0FFB00602F02 /* TodoListViewController.swift in Sources */,
				160E956022DA0FFB00602F02 /* AppDelegate.swift in Sources */,
				161AE51C22E1F9EF00943A9D /* Category.swift in Sources */,
			);
			runOnlyForDeploymentPostprocessing = 0;
		};
/* End PBXSourcesBuildPhase section */

/* Begin PBXVariantGroup section */
		160E956322DA0FFB00602F02 /* Main.storyboard */ = {
			isa = PBXVariantGroup;
			children = (
				160E956422DA0FFB00602F02 /* Base */,
			);
			name = Main.storyboard;
			sourceTree = "<group>";
		};
		160E956822DA0FFB00602F02 /* LaunchScreen.storyboard */ = {
			isa = PBXVariantGroup;
			children = (
				160E956922DA0FFB00602F02 /* Base */,
			);
			name = LaunchScreen.storyboard;
			sourceTree = "<group>";
		};
/* End PBXVariantGroup section */

/* Begin XCBuildConfiguration section */
		160E956C22DA0FFB00602F02 /* Debug */ = {
			isa = XCBuildConfiguration;
			buildSettings = {
				ALWAYS_SEARCH_USER_PATHS = NO;
				CLANG_ANALYZER_NONNULL = YES;
				CLANG_ANALYZER_NUMBER_OBJECT_CONVERSION = YES_AGGRESSIVE;
				CLANG_CXX_LANGUAGE_STANDARD = "gnu++14";
				CLANG_CXX_LIBRARY = "libc++";
				CLANG_ENABLE_MODULES = YES;
				CLANG_ENABLE_OBJC_ARC = YES;
				CLANG_ENABLE_OBJC_WEAK = YES;
				CLANG_WARN_BLOCK_CAPTURE_AUTORELEASING = YES;
				CLANG_WARN_BOOL_CONVERSION = YES;
				CLANG_WARN_COMMA = YES;
				CLANG_WARN_CONSTANT_CONVERSION = YES;
				CLANG_WARN_DEPRECATED_OBJC_IMPLEMENTATIONS = YES;
				CLANG_WARN_DIRECT_OBJC_ISA_USAGE = YES_ERROR;
				CLANG_WARN_DOCUMENTATION_COMMENTS = YES;
				CLANG_WARN_EMPTY_BODY = YES;
				CLANG_WARN_ENUM_CONVERSION = YES;
				CLANG_WARN_INFINITE_RECURSION = YES;
				CLANG_WARN_INT_CONVERSION = YES;
				CLANG_WARN_NON_LITERAL_NULL_CONVERSION = YES;
				CLANG_WARN_OBJC_IMPLICIT_RETAIN_SELF = YES;
				CLANG_WARN_OBJC_LITERAL_CONVERSION = YES;
				CLANG_WARN_OBJC_ROOT_CLASS = YES_ERROR;
				CLANG_WARN_RANGE_LOOP_ANALYSIS = YES;
				CLANG_WARN_STRICT_PROTOTYPES = YES;
				CLANG_WARN_SUSPICIOUS_MOVE = YES;
				CLANG_WARN_UNGUARDED_AVAILABILITY = YES_AGGRESSIVE;
				CLANG_WARN_UNREACHABLE_CODE = YES;
				CLANG_WARN__DUPLICATE_METHOD_MATCH = YES;
				CODE_SIGN_IDENTITY = "iPhone Developer";
				COPY_PHASE_STRIP = NO;
				DEBUG_INFORMATION_FORMAT = dwarf;
				ENABLE_STRICT_OBJC_MSGSEND = YES;
				ENABLE_TESTABILITY = YES;
				GCC_C_LANGUAGE_STANDARD = gnu11;
				GCC_DYNAMIC_NO_PIC = NO;
				GCC_NO_COMMON_BLOCKS = YES;
				GCC_OPTIMIZATION_LEVEL = 0;
				GCC_PREPROCESSOR_DEFINITIONS = (
					"DEBUG=1",
					"$(inherited)",
				);
				GCC_WARN_64_TO_32_BIT_CONVERSION = YES;
				GCC_WARN_ABOUT_RETURN_TYPE = YES_ERROR;
				GCC_WARN_UNDECLARED_SELECTOR = YES;
				GCC_WARN_UNINITIALIZED_AUTOS = YES_AGGRESSIVE;
				GCC_WARN_UNUSED_FUNCTION = YES;
				GCC_WARN_UNUSED_VARIABLE = YES;
				IPHONEOS_DEPLOYMENT_TARGET = 12.2;
				MTL_ENABLE_DEBUG_INFO = INCLUDE_SOURCE;
				MTL_FAST_MATH = YES;
				ONLY_ACTIVE_ARCH = YES;
				SDKROOT = iphoneos;
				SWIFT_ACTIVE_COMPILATION_CONDITIONS = DEBUG;
				SWIFT_OPTIMIZATION_LEVEL = "-Onone";
			};
			name = Debug;
		};
		160E956D22DA0FFB00602F02 /* Release */ = {
			isa = XCBuildConfiguration;
			buildSettings = {
				ALWAYS_SEARCH_USER_PATHS = NO;
				CLANG_ANALYZER_NONNULL = YES;
				CLANG_ANALYZER_NUMBER_OBJECT_CONVERSION = YES_AGGRESSIVE;
				CLANG_CXX_LANGUAGE_STANDARD = "gnu++14";
				CLANG_CXX_LIBRARY = "libc++";
				CLANG_ENABLE_MODULES = YES;
				CLANG_ENABLE_OBJC_ARC = YES;
				CLANG_ENABLE_OBJC_WEAK = YES;
				CLANG_WARN_BLOCK_CAPTURE_AUTORELEASING = YES;
				CLANG_WARN_BOOL_CONVERSION = YES;
				CLANG_WARN_COMMA = YES;
				CLANG_WARN_CONSTANT_CONVERSION = YES;
				CLANG_WARN_DEPRECATED_OBJC_IMPLEMENTATIONS = YES;
				CLANG_WARN_DIRECT_OBJC_ISA_USAGE = YES_ERROR;
				CLANG_WARN_DOCUMENTATION_COMMENTS = YES;
				CLANG_WARN_EMPTY_BODY = YES;
				CLANG_WARN_ENUM_CONVERSION = YES;
				CLANG_WARN_INFINITE_RECURSION = YES;
				CLANG_WARN_INT_CONVERSION = YES;
				CLANG_WARN_NON_LITERAL_NULL_CONVERSION = YES;
				CLANG_WARN_OBJC_IMPLICIT_RETAIN_SELF = YES;
				CLANG_WARN_OBJC_LITERAL_CONVERSION = YES;
				CLANG_WARN_OBJC_ROOT_CLASS = YES_ERROR;
				CLANG_WARN_RANGE_LOOP_ANALYSIS = YES;
				CLANG_WARN_STRICT_PROTOTYPES = YES;
				CLANG_WARN_SUSPICIOUS_MOVE = YES;
				CLANG_WARN_UNGUARDED_AVAILABILITY = YES_AGGRESSIVE;
				CLANG_WARN_UNREACHABLE_CODE = YES;
				CLANG_WARN__DUPLICATE_METHOD_MATCH = YES;
				CODE_SIGN_IDENTITY = "iPhone Developer";
				COPY_PHASE_STRIP = NO;
				DEBUG_INFORMATION_FORMAT = "dwarf-with-dsym";
				ENABLE_NS_ASSERTIONS = NO;
				ENABLE_STRICT_OBJC_MSGSEND = YES;
				GCC_C_LANGUAGE_STANDARD = gnu11;
				GCC_NO_COMMON_BLOCKS = YES;
				GCC_WARN_64_TO_32_BIT_CONVERSION = YES;
				GCC_WARN_ABOUT_RETURN_TYPE = YES_ERROR;
				GCC_WARN_UNDECLARED_SELECTOR = YES;
				GCC_WARN_UNINITIALIZED_AUTOS = YES_AGGRESSIVE;
				GCC_WARN_UNUSED_FUNCTION = YES;
				GCC_WARN_UNUSED_VARIABLE = YES;
				IPHONEOS_DEPLOYMENT_TARGET = 12.2;
				MTL_ENABLE_DEBUG_INFO = NO;
				MTL_FAST_MATH = YES;
				SDKROOT = iphoneos;
				SWIFT_COMPILATION_MODE = wholemodule;
				SWIFT_OPTIMIZATION_LEVEL = "-O";
				VALIDATE_PRODUCT = YES;
			};
			name = Release;
		};
		160E956F22DA0FFB00602F02 /* Debug */ = {
			isa = XCBuildConfiguration;
			baseConfigurationReference = 2313263AADC9588780F00E19 /* Pods-Todoey.debug.xcconfig */;
			buildSettings = {
				ASSETCATALOG_COMPILER_APPICON_NAME = AppIcon;
				CODE_SIGN_STYLE = Automatic;
				DEVELOPMENT_TEAM = D25KP5FZHX;
				INFOPLIST_FILE = Todoey/Info.plist;
				LD_RUNPATH_SEARCH_PATHS = (
					"$(inherited)",
					"@executable_path/Frameworks",
				);
				PRODUCT_BUNDLE_IDENTIFIER = com.amancino.Todoey;
				PRODUCT_NAME = "$(TARGET_NAME)";
				SWIFT_VERSION = 5.0;
				TARGETED_DEVICE_FAMILY = "1,2";
			};
			name = Debug;
		};
		160E957022DA0FFB00602F02 /* Release */ = {
			isa = XCBuildConfiguration;
			baseConfigurationReference = 837BCB39B4E86F6905A0DCA6 /* Pods-Todoey.release.xcconfig */;
			buildSettings = {
				ASSETCATALOG_COMPILER_APPICON_NAME = AppIcon;
				CODE_SIGN_STYLE = Automatic;
				DEVELOPMENT_TEAM = D25KP5FZHX;
				INFOPLIST_FILE = Todoey/Info.plist;
				LD_RUNPATH_SEARCH_PATHS = (
					"$(inherited)",
					"@executable_path/Frameworks",
				);
				PRODUCT_BUNDLE_IDENTIFIER = com.amancino.Todoey;
				PRODUCT_NAME = "$(TARGET_NAME)";
				SWIFT_VERSION = 5.0;
				TARGETED_DEVICE_FAMILY = "1,2";
			};
			name = Release;
		};
/* End XCBuildConfiguration section */

/* Begin XCConfigurationList section */
		160E955722DA0FFA00602F02 /* Build configuration list for PBXProject "Todoey" */ = {
			isa = XCConfigurationList;
			buildConfigurations = (
				160E956C22DA0FFB00602F02 /* Debug */,
				160E956D22DA0FFB00602F02 /* Release */,
			);
			defaultConfigurationIsVisible = 0;
			defaultConfigurationName = Release;
		};
		160E956E22DA0FFB00602F02 /* Build configuration list for PBXNativeTarget "Todoey" */ = {
			isa = XCConfigurationList;
			buildConfigurations = (
				160E956F22DA0FFB00602F02 /* Debug */,
				160E957022DA0FFB00602F02 /* Release */,
			);
			defaultConfigurationIsVisible = 0;
			defaultConfigurationName = Release;
		};
/* End XCConfigurationList section */
	};
	rootObject = 160E955422DA0FFA00602F02 /* Project object */;
}
